
Microsoft Visual Studio Solution File, Format Version 12.00
# Visual Studio Version 17
VisualStudioVersion = 17.1.32414.318
MinimumVisualStudioVersion = 10.0.40219.1
Project("{9A19103F-16F7-4668-BE54-9A1E7A4F7556}") = "KeyVaultCA", "KeyVaultCA\KeyVaultCA.csproj", "{58506996-84F8-46D7-BCE4-DD3229C2DD5A}"
EndProject
Project("{9A19103F-16F7-4668-BE54-9A1E7A4F7556}") = "KeyVaultCa.Core", "KeyVaultCa.Core\KeyVaultCa.Core.csproj", "{8471E7FB-D037-4D90-80F6-19FC85DC3CFF}"
EndProject
Project("{9A19103F-16F7-4668-BE54-9A1E7A4F7556}") = "KeyVaultCA.Web", "KeyVaultCA.Web\KeyVaultCA.Web.csproj", "{76C9D81E-AC47-4BB8-8577-C94F2C5286D9}"
EndProject
Project("{9A19103F-16F7-4668-BE54-9A1E7A4F7556}") = "E2ETests", "E2ETests\E2ETests.csproj", "{5D865CA8-9D52-446F-BABD-C5FF5F084113}"
EndProject
Global
	GlobalSection(SolutionConfigurationPlatforms) = preSolution
		Debug|Any CPU = Debug|Any CPU
		Release|Any CPU = Release|Any CPU
	EndGlobalSection
	GlobalSection(ProjectConfigurationPlatforms) = postSolution
		{58506996-84F8-46D7-BCE4-DD3229C2DD5A}.Debug|Any CPU.ActiveCfg = Debug|Any CPU
		{58506996-84F8-46D7-BCE4-DD3229C2DD5A}.Debug|Any CPU.Build.0 = Debug|Any CPU
		{58506996-84F8-46D7-BCE4-DD3229C2DD5A}.Release|Any CPU.ActiveCfg = Release|Any CPU
		{58506996-84F8-46D7-BCE4-DD3229C2DD5A}.Release|Any CPU.Build.0 = Release|Any CPU
		{8471E7FB-D037-4D90-80F6-19FC85DC3CFF}.Debug|Any CPU.ActiveCfg = Debug|Any CPU
		{8471E7FB-D037-4D90-80F6-19FC85DC3CFF}.Debug|Any CPU.Build.0 = Debug|Any CPU
		{8471E7FB-D037-4D90-80F6-19FC85DC3CFF}.Release|Any CPU.ActiveCfg = Release|Any CPU
		{8471E7FB-D037-4D90-80F6-19FC85DC3CFF}.Release|Any CPU.Build.0 = Release|Any CPU
		{76C9D81E-AC47-4BB8-8577-C94F2C5286D9}.Debug|Any CPU.ActiveCfg = Debug|Any CPU
		{76C9D81E-AC47-4BB8-8577-C94F2C5286D9}.Debug|Any CPU.Build.0 = Debug|Any CPU
		{76C9D81E-AC47-4BB8-8577-C94F2C5286D9}.Release|Any CPU.ActiveCfg = Release|Any CPU
		{76C9D81E-AC47-4BB8-8577-C94F2C5286D9}.Release|Any CPU.Build.0 = Release|Any CPU
		{5D865CA8-9D52-446F-BABD-C5FF5F084113}.Debug|Any CPU.ActiveCfg = Debug|Any CPU
		{5D865CA8-9D52-446F-BABD-C5FF5F084113}.Debug|Any CPU.Build.0 = Debug|Any CPU
		{5D865CA8-9D52-446F-BABD-C5FF5F084113}.Release|Any CPU.ActiveCfg = Release|Any CPU
		{5D865CA8-9D52-446F-BABD-C5FF5F084113}.Release|Any CPU.Build.0 = Release|Any CPU
	EndGlobalSection
	GlobalSection(SolutionProperties) = preSolution
		HideSolutionNode = FALSE
	EndGlobalSection
	GlobalSection(ExtensibilityGlobals) = postSolution
		SolutionGuid = {734F0928-2A98-4567-9658-3D8DA31DA806}
	EndGlobalSection
EndGlobal
